// !$*UTF8*$!
{
	archiveVersion = 1;
	classes = {
	};
	objectVersion = 48;
	objects = {

/* Begin PBXBuildFile section */
		00715DE22055C847002F19C6 /* Secrets.swift in Sources */ = {isa = PBXBuildFile; fileRef = 00715DE12055C847002F19C6 /* Secrets.swift */; };
		00715DE42055D6A1002F19C6 /* CurrentWeatherViewController2.swift in Sources */ = {isa = PBXBuildFile; fileRef = 00715DE32055D6A1002F19C6 /* CurrentWeatherViewController2.swift */; };
		1B1710DE1F897C3F0045F064 /* AppDelegate.swift in Sources */ = {isa = PBXBuildFile; fileRef = 1B1710DD1F897C3F0045F064 /* AppDelegate.swift */; };
		1B1710E01F897C3F0045F064 /* ViewController.swift in Sources */ = {isa = PBXBuildFile; fileRef = 1B1710DF1F897C3F0045F064 /* ViewController.swift */; };
		1B1710E31F897C3F0045F064 /* Main.storyboard in Resources */ = {isa = PBXBuildFile; fileRef = 1B1710E11F897C3F0045F064 /* Main.storyboard */; };
		1B1710E61F897C3F0045F064 /* WeatherMe.xcdatamodeld in Sources */ = {isa = PBXBuildFile; fileRef = 1B1710E41F897C3F0045F064 /* WeatherMe.xcdatamodeld */; };
		1B1710E81F897C3F0045F064 /* Assets.xcassets in Resources */ = {isa = PBXBuildFile; fileRef = 1B1710E71F897C3F0045F064 /* Assets.xcassets */; };
		1B1710EB1F897C3F0045F064 /* LaunchScreen.storyboard in Resources */ = {isa = PBXBuildFile; fileRef = 1B1710E91F897C3F0045F064 /* LaunchScreen.storyboard */; };
		1B1710F61F897C3F0045F064 /* WeatherMeTests.swift in Sources */ = {isa = PBXBuildFile; fileRef = 1B1710F51F897C3F0045F064 /* WeatherMeTests.swift */; };
		1B1711011F897C3F0045F064 /* WeatherMeUITests.swift in Sources */ = {isa = PBXBuildFile; fileRef = 1B1711001F897C3F0045F064 /* WeatherMeUITests.swift */; };
		1B1711131F897FC70045F064 /* DarkSkyAPIClient .swift in Sources */ = {isa = PBXBuildFile; fileRef = 1B1711121F897FC70045F064 /* DarkSkyAPIClient .swift */; };
		1B1711151F8C1AB80045F064 /* CurrentWeather.swift in Sources */ = {isa = PBXBuildFile; fileRef = 1B1711141F8C1AB80045F064 /* CurrentWeather.swift */; };
		1B1711171F8C1C020045F064 /* HourlyWeather.swift in Sources */ = {isa = PBXBuildFile; fileRef = 1B1711161F8C1C020045F064 /* HourlyWeather.swift */; };
		1B1711191F8C46A90045F064 /* DailyWeather.swift in Sources */ = {isa = PBXBuildFile; fileRef = 1B1711181F8C46A90045F064 /* DailyWeather.swift */; };
		1BBDAAA41F900CCB00C63F48 /* GoogleCoordinateAPIClient.swift in Sources */ = {isa = PBXBuildFile; fileRef = 1BBDAAA31F900CCB00C63F48 /* GoogleCoordinateAPIClient.swift */; };
		1BBDAAE71F96FF8800C63F48 /* CurrentWeatherViewController.swift in Sources */ = {isa = PBXBuildFile; fileRef = 1BBDAAE61F96FF8800C63F48 /* CurrentWeatherViewController.swift */; };
		5808149E204CD33B00CE8B6D /* DailyWeatherCollectionViewCell.swift in Sources */ = {isa = PBXBuildFile; fileRef = 5808149D204CD33B00CE8B6D /* DailyWeatherCollectionViewCell.swift */; };
		581B5AE52050846100E8E329 /* HourlyWeatherTableViewCell.swift in Sources */ = {isa = PBXBuildFile; fileRef = 581B5AE42050846100E8E329 /* HourlyWeatherTableViewCell.swift */; };
		586E164B2038E8EE002C66D8 /* Coordinates.swift in Sources */ = {isa = PBXBuildFile; fileRef = 586E164A2038E8EE002C66D8 /* Coordinates.swift */; };
		586E164D203B491A002C66D8 /* WeatherForecastLocationDatastore.swift in Sources */ = {isa = PBXBuildFile; fileRef = 586E164C203B491A002C66D8 /* WeatherForecastLocationDatastore.swift */; };
		58D194EA20362C540028DA5C /* CoordinatesDatastore.swift in Sources */ = {isa = PBXBuildFile; fileRef = 58D194E920362C540028DA5C /* CoordinatesDatastore.swift */; };
/* End PBXBuildFile section */

/* Begin PBXContainerItemProxy section */
		1B1710F21F897C3F0045F064 /* PBXContainerItemProxy */ = {
			isa = PBXContainerItemProxy;
			containerPortal = 1B1710D21F897C3F0045F064 /* Project object */;
			proxyType = 1;
			remoteGlobalIDString = 1B1710D91F897C3F0045F064;
			remoteInfo = WeatherMe;
		};
		1B1710FD1F897C3F0045F064 /* PBXContainerItemProxy */ = {
			isa = PBXContainerItemProxy;
			containerPortal = 1B1710D21F897C3F0045F064 /* Project object */;
			proxyType = 1;
			remoteGlobalIDString = 1B1710D91F897C3F0045F064;
			remoteInfo = WeatherMe;
		};
/* End PBXContainerItemProxy section */

/* Begin PBXFileReference section */
		00715DE12055C847002F19C6 /* Secrets.swift */ = {isa = PBXFileReference; lastKnownFileType = sourcecode.swift; path = Secrets.swift; sourceTree = "<group>"; };
		00715DE32055D6A1002F19C6 /* CurrentWeatherViewController2.swift */ = {isa = PBXFileReference; lastKnownFileType = sourcecode.swift; path = CurrentWeatherViewController2.swift; sourceTree = "<group>"; };
		1B1710DA1F897C3F0045F064 /* WeatherMe.app */ = {isa = PBXFileReference; explicitFileType = wrapper.application; includeInIndex = 0; path = WeatherMe.app; sourceTree = BUILT_PRODUCTS_DIR; };
		1B1710DD1F897C3F0045F064 /* AppDelegate.swift */ = {isa = PBXFileReference; lastKnownFileType = sourcecode.swift; path = AppDelegate.swift; sourceTree = "<group>"; };
		1B1710DF1F897C3F0045F064 /* ViewController.swift */ = {isa = PBXFileReference; lastKnownFileType = sourcecode.swift; path = ViewController.swift; sourceTree = "<group>"; };
		1B1710E21F897C3F0045F064 /* Base */ = {isa = PBXFileReference; lastKnownFileType = file.storyboard; name = Base; path = Base.lproj/Main.storyboard; sourceTree = "<group>"; };
		1B1710E51F897C3F0045F064 /* WeatherMe.xcdatamodel */ = {isa = PBXFileReference; lastKnownFileType = wrapper.xcdatamodel; path = WeatherMe.xcdatamodel; sourceTree = "<group>"; };
		1B1710E71F897C3F0045F064 /* Assets.xcassets */ = {isa = PBXFileReference; lastKnownFileType = folder.assetcatalog; path = Assets.xcassets; sourceTree = "<group>"; };
		1B1710EA1F897C3F0045F064 /* Base */ = {isa = PBXFileReference; lastKnownFileType = file.storyboard; name = Base; path = Base.lproj/LaunchScreen.storyboard; sourceTree = "<group>"; };
		1B1710EC1F897C3F0045F064 /* Info.plist */ = {isa = PBXFileReference; lastKnownFileType = text.plist.xml; path = Info.plist; sourceTree = "<group>"; };
		1B1710F11F897C3F0045F064 /* WeatherMeTests.xctest */ = {isa = PBXFileReference; explicitFileType = wrapper.cfbundle; includeInIndex = 0; path = WeatherMeTests.xctest; sourceTree = BUILT_PRODUCTS_DIR; };
		1B1710F51F897C3F0045F064 /* WeatherMeTests.swift */ = {isa = PBXFileReference; lastKnownFileType = sourcecode.swift; path = WeatherMeTests.swift; sourceTree = "<group>"; };
		1B1710F71F897C3F0045F064 /* Info.plist */ = {isa = PBXFileReference; lastKnownFileType = text.plist.xml; path = Info.plist; sourceTree = "<group>"; };
		1B1710FC1F897C3F0045F064 /* WeatherMeUITests.xctest */ = {isa = PBXFileReference; explicitFileType = wrapper.cfbundle; includeInIndex = 0; path = WeatherMeUITests.xctest; sourceTree = BUILT_PRODUCTS_DIR; };
		1B1711001F897C3F0045F064 /* WeatherMeUITests.swift */ = {isa = PBXFileReference; lastKnownFileType = sourcecode.swift; path = WeatherMeUITests.swift; sourceTree = "<group>"; };
		1B1711021F897C3F0045F064 /* Info.plist */ = {isa = PBXFileReference; lastKnownFileType = text.plist.xml; path = Info.plist; sourceTree = "<group>"; };
		1B1711121F897FC70045F064 /* DarkSkyAPIClient .swift */ = {isa = PBXFileReference; lastKnownFileType = sourcecode.swift; path = "DarkSkyAPIClient .swift"; sourceTree = "<group>"; };
		1B1711141F8C1AB80045F064 /* CurrentWeather.swift */ = {isa = PBXFileReference; lastKnownFileType = sourcecode.swift; path = CurrentWeather.swift; sourceTree = "<group>"; };
		1B1711161F8C1C020045F064 /* HourlyWeather.swift */ = {isa = PBXFileReference; lastKnownFileType = sourcecode.swift; path = HourlyWeather.swift; sourceTree = "<group>"; };
		1B1711181F8C46A90045F064 /* DailyWeather.swift */ = {isa = PBXFileReference; lastKnownFileType = sourcecode.swift; path = DailyWeather.swift; sourceTree = "<group>"; };
		1BBDAAA31F900CCB00C63F48 /* GoogleCoordinateAPIClient.swift */ = {isa = PBXFileReference; lastKnownFileType = sourcecode.swift; path = GoogleCoordinateAPIClient.swift; sourceTree = "<group>"; };
		1BBDAAE61F96FF8800C63F48 /* CurrentWeatherViewController.swift */ = {isa = PBXFileReference; lastKnownFileType = sourcecode.swift; path = CurrentWeatherViewController.swift; sourceTree = "<group>"; };
		5808149D204CD33B00CE8B6D /* DailyWeatherCollectionViewCell.swift */ = {isa = PBXFileReference; lastKnownFileType = sourcecode.swift; path = DailyWeatherCollectionViewCell.swift; sourceTree = "<group>"; };
		581B5AE42050846100E8E329 /* HourlyWeatherTableViewCell.swift */ = {isa = PBXFileReference; lastKnownFileType = sourcecode.swift; path = HourlyWeatherTableViewCell.swift; sourceTree = "<group>"; };
		586E164A2038E8EE002C66D8 /* Coordinates.swift */ = {isa = PBXFileReference; lastKnownFileType = sourcecode.swift; path = Coordinates.swift; sourceTree = "<group>"; };
		586E164C203B491A002C66D8 /* WeatherForecastLocationDatastore.swift */ = {isa = PBXFileReference; lastKnownFileType = sourcecode.swift; path = WeatherForecastLocationDatastore.swift; sourceTree = "<group>"; };
		58D194E920362C540028DA5C /* CoordinatesDatastore.swift */ = {isa = PBXFileReference; lastKnownFileType = sourcecode.swift; path = CoordinatesDatastore.swift; sourceTree = "<group>"; };
/* End PBXFileReference section */

/* Begin PBXFrameworksBuildPhase section */
		1B1710D71F897C3F0045F064 /* Frameworks */ = {
			isa = PBXFrameworksBuildPhase;
			buildActionMask = 2147483647;
			files = (
			);
			runOnlyForDeploymentPostprocessing = 0;
		};
		1B1710EE1F897C3F0045F064 /* Frameworks */ = {
			isa = PBXFrameworksBuildPhase;
			buildActionMask = 2147483647;
			files = (
			);
			runOnlyForDeploymentPostprocessing = 0;
		};
		1B1710F91F897C3F0045F064 /* Frameworks */ = {
			isa = PBXFrameworksBuildPhase;
			buildActionMask = 2147483647;
			files = (
			);
			runOnlyForDeploymentPostprocessing = 0;
		};
/* End PBXFrameworksBuildPhase section */

/* Begin PBXGroup section */
		1B1710D11F897C3F0045F064 = {
			isa = PBXGroup;
			children = (
				1B1710DC1F897C3F0045F064 /* WeatherMe */,
				1B1710F41F897C3F0045F064 /* WeatherMeTests */,
				1B1710FF1F897C3F0045F064 /* WeatherMeUITests */,
				1B1710DB1F897C3F0045F064 /* Products */,
			);
			sourceTree = "<group>";
		};
		1B1710DB1F897C3F0045F064 /* Products */ = {
			isa = PBXGroup;
			children = (
				1B1710DA1F897C3F0045F064 /* WeatherMe.app */,
				1B1710F11F897C3F0045F064 /* WeatherMeTests.xctest */,
				1B1710FC1F897C3F0045F064 /* WeatherMeUITests.xctest */,
			);
			name = Products;
			sourceTree = "<group>";
		};
		1B1710DC1F897C3F0045F064 /* WeatherMe */ = {
			isa = PBXGroup;
			children = (
				1B1710DD1F897C3F0045F064 /* AppDelegate.swift */,
				1B1710E11F897C3F0045F064 /* Main.storyboard */,
				1B1711121F897FC70045F064 /* DarkSkyAPIClient .swift */,
				1BBDAAA31F900CCB00C63F48 /* GoogleCoordinateAPIClient.swift */,
				1B1710DF1F897C3F0045F064 /* ViewController.swift */,
				1BBDAAE61F96FF8800C63F48 /* CurrentWeatherViewController.swift */,
				00715DE32055D6A1002F19C6 /* CurrentWeatherViewController2.swift */,
				1B1711141F8C1AB80045F064 /* CurrentWeather.swift */,
				1B1711161F8C1C020045F064 /* HourlyWeather.swift */,
				1B1711181F8C46A90045F064 /* DailyWeather.swift */,
				58D194E920362C540028DA5C /* CoordinatesDatastore.swift */,
				586E164C203B491A002C66D8 /* WeatherForecastLocationDatastore.swift */,
				581B5AE42050846100E8E329 /* HourlyWeatherTableViewCell.swift */,
				586E164A2038E8EE002C66D8 /* Coordinates.swift */,
				5808149D204CD33B00CE8B6D /* DailyWeatherCollectionViewCell.swift */,
				00715DE12055C847002F19C6 /* Secrets.swift */,
				1B1710E71F897C3F0045F064 /* Assets.xcassets */,
				1B1710E91F897C3F0045F064 /* LaunchScreen.storyboard */,
				1B1710EC1F897C3F0045F064 /* Info.plist */,
				1B1710E41F897C3F0045F064 /* WeatherMe.xcdatamodeld */,
			);
			path = WeatherMe;
			sourceTree = "<group>";
		};
		1B1710F41F897C3F0045F064 /* WeatherMeTests */ = {
			isa = PBXGroup;
			children = (
				1B1710F51F897C3F0045F064 /* WeatherMeTests.swift */,
				1B1710F71F897C3F0045F064 /* Info.plist */,
			);
			path = WeatherMeTests;
			sourceTree = "<group>";
		};
		1B1710FF1F897C3F0045F064 /* WeatherMeUITests */ = {
			isa = PBXGroup;
			children = (
				1B1711001F897C3F0045F064 /* WeatherMeUITests.swift */,
				1B1711021F897C3F0045F064 /* Info.plist */,
			);
			path = WeatherMeUITests;
			sourceTree = "<group>";
		};
/* End PBXGroup section */

/* Begin PBXNativeTarget section */
		1B1710D91F897C3F0045F064 /* WeatherMe */ = {
			isa = PBXNativeTarget;
			buildConfigurationList = 1B1711051F897C3F0045F064 /* Build configuration list for PBXNativeTarget "WeatherMe" */;
			buildPhases = (
				1B1710D61F897C3F0045F064 /* Sources */,
				1B1710D71F897C3F0045F064 /* Frameworks */,
				1B1710D81F897C3F0045F064 /* Resources */,
			);
			buildRules = (
			);
			dependencies = (
			);
			name = WeatherMe;
			productName = WeatherMe;
			productReference = 1B1710DA1F897C3F0045F064 /* WeatherMe.app */;
			productType = "com.apple.product-type.application";
		};
		1B1710F01F897C3F0045F064 /* WeatherMeTests */ = {
			isa = PBXNativeTarget;
			buildConfigurationList = 1B1711081F897C3F0045F064 /* Build configuration list for PBXNativeTarget "WeatherMeTests" */;
			buildPhases = (
				1B1710ED1F897C3F0045F064 /* Sources */,
				1B1710EE1F897C3F0045F064 /* Frameworks */,
				1B1710EF1F897C3F0045F064 /* Resources */,
			);
			buildRules = (
			);
			dependencies = (
				1B1710F31F897C3F0045F064 /* PBXTargetDependency */,
			);
			name = WeatherMeTests;
			productName = WeatherMeTests;
			productReference = 1B1710F11F897C3F0045F064 /* WeatherMeTests.xctest */;
			productType = "com.apple.product-type.bundle.unit-test";
		};
		1B1710FB1F897C3F0045F064 /* WeatherMeUITests */ = {
			isa = PBXNativeTarget;
			buildConfigurationList = 1B17110B1F897C3F0045F064 /* Build configuration list for PBXNativeTarget "WeatherMeUITests" */;
			buildPhases = (
				1B1710F81F897C3F0045F064 /* Sources */,
				1B1710F91F897C3F0045F064 /* Frameworks */,
				1B1710FA1F897C3F0045F064 /* Resources */,
			);
			buildRules = (
			);
			dependencies = (
				1B1710FE1F897C3F0045F064 /* PBXTargetDependency */,
			);
			name = WeatherMeUITests;
			productName = WeatherMeUITests;
			productReference = 1B1710FC1F897C3F0045F064 /* WeatherMeUITests.xctest */;
			productType = "com.apple.product-type.bundle.ui-testing";
		};
/* End PBXNativeTarget section */

/* Begin PBXProject section */
		1B1710D21F897C3F0045F064 /* Project object */ = {
			isa = PBXProject;
			attributes = {
				LastSwiftUpdateCheck = 0900;
				LastUpgradeCheck = 0900;
				ORGANIZATIONNAME = "Flatiron School";
				TargetAttributes = {
					1B1710D91F897C3F0045F064 = {
						CreatedOnToolsVersion = 9.0;
						ProvisioningStyle = Automatic;
					};
					1B1710F01F897C3F0045F064 = {
						CreatedOnToolsVersion = 9.0;
						ProvisioningStyle = Automatic;
						TestTargetID = 1B1710D91F897C3F0045F064;
					};
					1B1710FB1F897C3F0045F064 = {
						CreatedOnToolsVersion = 9.0;
						ProvisioningStyle = Automatic;
						TestTargetID = 1B1710D91F897C3F0045F064;
					};
				};
			};
			buildConfigurationList = 1B1710D51F897C3F0045F064 /* Build configuration list for PBXProject "WeatherMe" */;
			compatibilityVersion = "Xcode 8.0";
			developmentRegion = en;
			hasScannedForEncodings = 0;
			knownRegions = (
				en,
				Base,
			);
			mainGroup = 1B1710D11F897C3F0045F064;
			productRefGroup = 1B1710DB1F897C3F0045F064 /* Products */;
			projectDirPath = "";
			projectRoot = "";
			targets = (
				1B1710D91F897C3F0045F064 /* WeatherMe */,
				1B1710F01F897C3F0045F064 /* WeatherMeTests */,
				1B1710FB1F897C3F0045F064 /* WeatherMeUITests */,
			);
		};
/* End PBXProject section */

/* Begin PBXResourcesBuildPhase section */
		1B1710D81F897C3F0045F064 /* Resources */ = {
			isa = PBXResourcesBuildPhase;
			buildActionMask = 2147483647;
			files = (
				1B1710EB1F897C3F0045F064 /* LaunchScreen.storyboard in Resources */,
				1B1710E81F897C3F0045F064 /* Assets.xcassets in Resources */,
				1B1710E31F897C3F0045F064 /* Main.storyboard in Resources */,
			);
			runOnlyForDeploymentPostprocessing = 0;
		};
		1B1710EF1F897C3F0045F064 /* Resources */ = {
			isa = PBXResourcesBuildPhase;
			buildActionMask = 2147483647;
			files = (
			);
			runOnlyForDeploymentPostprocessing = 0;
		};
		1B1710FA1F897C3F0045F064 /* Resources */ = {
			isa = PBXResourcesBuildPhase;
			buildActionMask = 2147483647;
			files = (
			);
			runOnlyForDeploymentPostprocessing = 0;
		};
/* End PBXResourcesBuildPhase section */

/* Begin PBXSourcesBuildPhase section */
		1B1710D61F897C3F0045F064 /* Sources */ = {
			isa = PBXSourcesBuildPhase;
			buildActionMask = 2147483647;
			files = (
				581B5AE52050846100E8E329 /* HourlyWeatherTableViewCell.swift in Sources */,
				00715DE22055C847002F19C6 /* Secrets.swift in Sources */,
				00715DE42055D6A1002F19C6 /* CurrentWeatherViewController2.swift in Sources */,
				1B1711191F8C46A90045F064 /* DailyWeather.swift in Sources */,
				1B1710E01F897C3F0045F064 /* ViewController.swift in Sources */,
				586E164D203B491A002C66D8 /* WeatherForecastLocationDatastore.swift in Sources */,
				1B1710E61F897C3F0045F064 /* WeatherMe.xcdatamodeld in Sources */,
				1BBDAAE71F96FF8800C63F48 /* CurrentWeatherViewController.swift in Sources */,
				1B1711131F897FC70045F064 /* DarkSkyAPIClient .swift in Sources */,
				5808149E204CD33B00CE8B6D /* DailyWeatherCollectionViewCell.swift in Sources */,
				1B1711151F8C1AB80045F064 /* CurrentWeather.swift in Sources */,
				1B1710DE1F897C3F0045F064 /* AppDelegate.swift in Sources */,
				1BBDAAA41F900CCB00C63F48 /* GoogleCoordinateAPIClient.swift in Sources */,
				586E164B2038E8EE002C66D8 /* Coordinates.swift in Sources */,
				1B1711171F8C1C020045F064 /* HourlyWeather.swift in Sources */,
				58D194EA20362C540028DA5C /* CoordinatesDatastore.swift in Sources */,
			);
			runOnlyForDeploymentPostprocessing = 0;
		};
		1B1710ED1F897C3F0045F064 /* Sources */ = {
			isa = PBXSourcesBuildPhase;
			buildActionMask = 2147483647;
			files = (
				1B1710F61F897C3F0045F064 /* WeatherMeTests.swift in Sources */,
			);
			runOnlyForDeploymentPostprocessing = 0;
		};
		1B1710F81F897C3F0045F064 /* Sources */ = {
			isa = PBXSourcesBuildPhase;
			buildActionMask = 2147483647;
			files = (
				1B1711011F897C3F0045F064 /* WeatherMeUITests.swift in Sources */,
			);
			runOnlyForDeploymentPostprocessing = 0;
		};
/* End PBXSourcesBuildPhase section */

/* Begin PBXTargetDependency section */
		1B1710F31F897C3F0045F064 /* PBXTargetDependency */ = {
			isa = PBXTargetDependency;
			target = 1B1710D91F897C3F0045F064 /* WeatherMe */;
			targetProxy = 1B1710F21F897C3F0045F064 /* PBXContainerItemProxy */;
		};
		1B1710FE1F897C3F0045F064 /* PBXTargetDependency */ = {
			isa = PBXTargetDependency;
			target = 1B1710D91F897C3F0045F064 /* WeatherMe */;
			targetProxy = 1B1710FD1F897C3F0045F064 /* PBXContainerItemProxy */;
		};
/* End PBXTargetDependency section */

/* Begin PBXVariantGroup section */
		1B1710E11F897C3F0045F064 /* Main.storyboard */ = {
			isa = PBXVariantGroup;
			children = (
				1B1710E21F897C3F0045F064 /* Base */,
			);
			name = Main.storyboard;
			sourceTree = "<group>";
		};
		1B1710E91F897C3F0045F064 /* LaunchScreen.storyboard */ = {
			isa = PBXVariantGroup;
			children = (
				1B1710EA1F897C3F0045F064 /* Base */,
			);
			name = LaunchScreen.storyboard;
			sourceTree = "<group>";
		};
/* End PBXVariantGroup section */

/* Begin XCBuildConfiguration section */
		1B1711031F897C3F0045F064 /* Debug */ = {
			isa = XCBuildConfiguration;
			buildSettings = {
				ALWAYS_SEARCH_USER_PATHS = NO;
				CLANG_ANALYZER_NONNULL = YES;
				CLANG_ANALYZER_NUMBER_OBJECT_CONVERSION = YES_AGGRESSIVE;
				CLANG_CXX_LANGUAGE_STANDARD = "gnu++14";
				CLANG_CXX_LIBRARY = "libc++";
				CLANG_ENABLE_MODULES = YES;
				CLANG_ENABLE_OBJC_ARC = YES;
				CLANG_WARN_BLOCK_CAPTURE_AUTORELEASING = YES;
				CLANG_WARN_BOOL_CONVERSION = YES;
				CLANG_WARN_COMMA = YES;
				CLANG_WARN_CONSTANT_CONVERSION = YES;
				CLANG_WARN_DIRECT_OBJC_ISA_USAGE = YES_ERROR;
				CLANG_WARN_DOCUMENTATION_COMMENTS = YES;
				CLANG_WARN_EMPTY_BODY = YES;
				CLANG_WARN_ENUM_CONVERSION = YES;
				CLANG_WARN_INFINITE_RECURSION = YES;
				CLANG_WARN_INT_CONVERSION = YES;
				CLANG_WARN_NON_LITERAL_NULL_CONVERSION = YES;
				CLANG_WARN_OBJC_LITERAL_CONVERSION = YES;
				CLANG_WARN_OBJC_ROOT_CLASS = YES_ERROR;
				CLANG_WARN_RANGE_LOOP_ANALYSIS = YES;
				CLANG_WARN_STRICT_PROTOTYPES = YES;
				CLANG_WARN_SUSPICIOUS_MOVE = YES;
				CLANG_WARN_UNGUARDED_AVAILABILITY = YES_AGGRESSIVE;
				CLANG_WARN_UNREACHABLE_CODE = YES;
				CLANG_WARN__DUPLICATE_METHOD_MATCH = YES;
				CODE_SIGN_IDENTITY = "iPhone Developer";
				COPY_PHASE_STRIP = NO;
				DEBUG_INFORMATION_FORMAT = dwarf;
				ENABLE_STRICT_OBJC_MSGSEND = YES;
				ENABLE_TESTABILITY = YES;
				GCC_C_LANGUAGE_STANDARD = gnu11;
				GCC_DYNAMIC_NO_PIC = NO;
				GCC_NO_COMMON_BLOCKS = YES;
				GCC_OPTIMIZATION_LEVEL = 0;
				GCC_PREPROCESSOR_DEFINITIONS = (
					"DEBUG=1",
					"$(inherited)",
				);
				GCC_WARN_64_TO_32_BIT_CONVERSION = YES;
				GCC_WARN_ABOUT_RETURN_TYPE = YES_ERROR;
				GCC_WARN_UNDECLARED_SELECTOR = YES;
				GCC_WARN_UNINITIALIZED_AUTOS = YES_AGGRESSIVE;
				GCC_WARN_UNUSED_FUNCTION = YES;
				GCC_WARN_UNUSED_VARIABLE = YES;
				IPHONEOS_DEPLOYMENT_TARGET = 11.0;
				MTL_ENABLE_DEBUG_INFO = YES;
				ONLY_ACTIVE_ARCH = YES;
				SDKROOT = iphoneos;
				SWIFT_ACTIVE_COMPILATION_CONDITIONS = DEBUG;
				SWIFT_OPTIMIZATION_LEVEL = "-Onone";
			};
			name = Debug;
		};
		1B1711041F897C3F0045F064 /* Release */ = {
			isa = XCBuildConfiguration;
			buildSettings = {
				ALWAYS_SEARCH_USER_PATHS = NO;
				CLANG_ANALYZER_NONNULL = YES;
				CLANG_ANALYZER_NUMBER_OBJECT_CONVERSION = YES_AGGRESSIVE;
				CLANG_CXX_LANGUAGE_STANDARD = "gnu++14";
				CLANG_CXX_LIBRARY = "libc++";
				CLANG_ENABLE_MODULES = YES;
				CLANG_ENABLE_OBJC_ARC = YES;
				CLANG_WARN_BLOCK_CAPTURE_AUTORELEASING = YES;
				CLANG_WARN_BOOL_CONVERSION = YES;
				CLANG_WARN_COMMA = YES;
				CLANG_WARN_CONSTANT_CONVERSION = YES;
				CLANG_WARN_DIRECT_OBJC_ISA_USAGE = YES_ERROR;
				CLANG_WARN_DOCUMENTATION_COMMENTS = YES;
				CLANG_WARN_EMPTY_BODY = YES;
				CLANG_WARN_ENUM_CONVERSION = YES;
				CLANG_WARN_INFINITE_RECURSION = YES;
				CLANG_WARN_INT_CONVERSION = YES;
				CLANG_WARN_NON_LITERAL_NULL_CONVERSION = YES;
				CLANG_WARN_OBJC_LITERAL_CONVERSION = YES;
				CLANG_WARN_OBJC_ROOT_CLASS = YES_ERROR;
				CLANG_WARN_RANGE_LOOP_ANALYSIS = YES;
				CLANG_WARN_STRICT_PROTOTYPES = YES;
				CLANG_WARN_SUSPICIOUS_MOVE = YES;
				CLANG_WARN_UNGUARDED_AVAILABILITY = YES_AGGRESSIVE;
				CLANG_WARN_UNREACHABLE_CODE = YES;
				CLANG_WARN__DUPLICATE_METHOD_MATCH = YES;
				CODE_SIGN_IDENTITY = "iPhone Developer";
				COPY_PHASE_STRIP = NO;
				DEBUG_INFORMATION_FORMAT = "dwarf-with-dsym";
				ENABLE_NS_ASSERTIONS = NO;
				ENABLE_STRICT_OBJC_MSGSEND = YES;
				GCC_C_LANGUAGE_STANDARD = gnu11;
				GCC_NO_COMMON_BLOCKS = YES;
				GCC_WARN_64_TO_32_BIT_CONVERSION = YES;
				GCC_WARN_ABOUT_RETURN_TYPE = YES_ERROR;
				GCC_WARN_UNDECLARED_SELECTOR = YES;
				GCC_WARN_UNINITIALIZED_AUTOS = YES_AGGRESSIVE;
				GCC_WARN_UNUSED_FUNCTION = YES;
				GCC_WARN_UNUSED_VARIABLE = YES;
				IPHONEOS_DEPLOYMENT_TARGET = 11.0;
				MTL_ENABLE_DEBUG_INFO = NO;
				SDKROOT = iphoneos;
				SWIFT_OPTIMIZATION_LEVEL = "-Owholemodule";
				VALIDATE_PRODUCT = YES;
			};
			name = Release;
		};
		1B1711061F897C3F0045F064 /* Debug */ = {
			isa = XCBuildConfiguration;
			buildSettings = {
				ASSETCATALOG_COMPILER_APPICON_NAME = AppIcon;
				CODE_SIGN_STYLE = Automatic;
				DEVELOPMENT_TEAM = HLKHFWAG55;
				INFOPLIST_FILE = WeatherMe/Info.plist;
				LD_RUNPATH_SEARCH_PATHS = "$(inherited) @executable_path/Frameworks";
				PRODUCT_BUNDLE_IDENTIFIER = com.first.WeatherMe;
				PRODUCT_NAME = "$(TARGET_NAME)";
				SWIFT_VERSION = 4.0;
				TARGETED_DEVICE_FAMILY = "1,2";
			};
			name = Debug;
		};
		1B1711071F897C3F0045F064 /* Release */ = {
			isa = XCBuildConfiguration;
			buildSettings = {
				ASSETCATALOG_COMPILER_APPICON_NAME = AppIcon;
				CODE_SIGN_STYLE = Automatic;
				DEVELOPMENT_TEAM = HLKHFWAG55;
				INFOPLIST_FILE = WeatherMe/Info.plist;
				LD_RUNPATH_SEARCH_PATHS = "$(inherited) @executable_path/Frameworks";
				PRODUCT_BUNDLE_IDENTIFIER = com.first.WeatherMe;
				PRODUCT_NAME = "$(TARGET_NAME)";
				SWIFT_VERSION = 4.0;
				TARGETED_DEVICE_FAMILY = "1,2";
			};
			name = Release;
		};
		1B1711091F897C3F0045F064 /* Debug */ = {
			isa = XCBuildConfiguration;
			buildSettings = {
				ALWAYS_EMBED_SWIFT_STANDARD_LIBRARIES = YES;
				BUNDLE_LOADER = "$(TEST_HOST)";
				CODE_SIGN_STYLE = Automatic;
				INFOPLIST_FILE = WeatherMeTests/Info.plist;
				LD_RUNPATH_SEARCH_PATHS = "$(inherited) @executable_path/Frameworks @loader_path/Frameworks";
				PRODUCT_BUNDLE_IDENTIFIER = com.first.WeatherMeTests;
				PRODUCT_NAME = "$(TARGET_NAME)";
				SWIFT_VERSION = 4.0;
				TARGETED_DEVICE_FAMILY = "1,2";
				TEST_HOST = "$(BUILT_PRODUCTS_DIR)/WeatherMe.app/WeatherMe";
			};
			name = Debug;
		};
		1B17110A1F897C3F0045F064 /* Release */ = {
			isa = XCBuildConfiguration;
			buildSettings = {
				ALWAYS_EMBED_SWIFT_STANDARD_LIBRARIES = YES;
				BUNDLE_LOADER = "$(TEST_HOST)";
				CODE_SIGN_STYLE = Automatic;
				INFOPLIST_FILE = WeatherMeTests/Info.plist;
				LD_RUNPATH_SEARCH_PATHS = "$(inherited) @executable_path/Frameworks @loader_path/Frameworks";
				PRODUCT_BUNDLE_IDENTIFIER = com.first.WeatherMeTests;
				PRODUCT_NAME = "$(TARGET_NAME)";
				SWIFT_VERSION = 4.0;
				TARGETED_DEVICE_FAMILY = "1,2";
				TEST_HOST = "$(BUILT_PRODUCTS_DIR)/WeatherMe.app/WeatherMe";
			};
			name = Release;
		};
		1B17110C1F897C3F0045F064 /* Debug */ = {
			isa = XCBuildConfiguration;
			buildSettings = {
				ALWAYS_EMBED_SWIFT_STANDARD_LIBRARIES = YES;
				CODE_SIGN_STYLE = Automatic;
				INFOPLIST_FILE = WeatherMeUITests/Info.plist;
				LD_RUNPATH_SEARCH_PATHS = "$(inherited) @executable_path/Frameworks @loader_path/Frameworks";
				PRODUCT_BUNDLE_IDENTIFIER = com.first.WeatherMeUITests;
				PRODUCT_NAME = "$(TARGET_NAME)";
				SWIFT_VERSION = 4.0;
				TARGETED_DEVICE_FAMILY = "1,2";
				TEST_TARGET_NAME = WeatherMe;
			};
			name = Debug;
		};
		1B17110D1F897C3F0045F064 /* Release */ = {
			isa = XCBuildConfiguration;
			buildSettings = {
				ALWAYS_EMBED_SWIFT_STANDARD_LIBRARIES = YES;
				CODE_SIGN_STYLE = Automatic;
				INFOPLIST_FILE = WeatherMeUITests/Info.plist;
				LD_RUNPATH_SEARCH_PATHS = "$(inherited) @executable_path/Frameworks @loader_path/Frameworks";
				PRODUCT_BUNDLE_IDENTIFIER = com.first.WeatherMeUITests;
				PRODUCT_NAME = "$(TARGET_NAME)";
				SWIFT_VERSION = 4.0;
				TARGETED_DEVICE_FAMILY = "1,2";
				TEST_TARGET_NAME = WeatherMe;
			};
			name = Release;
		};
/* End XCBuildConfiguration section */

/* Begin XCConfigurationList section */
		1B1710D51F897C3F0045F064 /* Build configuration list for PBXProject "WeatherMe" */ = {
			isa = XCConfigurationList;
			buildConfigurations = (
				1B1711031F897C3F0045F064 /* Debug */,
				1B1711041F897C3F0045F064 /* Release */,
			);
			defaultConfigurationIsVisible = 0;
			defaultConfigurationName = Release;
		};
		1B1711051F897C3F0045F064 /* Build configuration list for PBXNativeTarget "WeatherMe" */ = {
			isa = XCConfigurationList;
			buildConfigurations = (
				1B1711061F897C3F0045F064 /* Debug */,
				1B1711071F897C3F0045F064 /* Release */,
			);
			defaultConfigurationIsVisible = 0;
			defaultConfigurationName = Release;
		};
		1B1711081F897C3F0045F064 /* Build configuration list for PBXNativeTarget "WeatherMeTests" */ = {
			isa = XCConfigurationList;
			buildConfigurations = (
				1B1711091F897C3F0045F064 /* Debug */,
				1B17110A1F897C3F0045F064 /* Release */,
			);
			defaultConfigurationIsVisible = 0;
			defaultConfigurationName = Release;
		};
		1B17110B1F897C3F0045F064 /* Build configuration list for PBXNativeTarget "WeatherMeUITests" */ = {
			isa = XCConfigurationList;
			buildConfigurations = (
				1B17110C1F897C3F0045F064 /* Debug */,
				1B17110D1F897C3F0045F064 /* Release */,
			);
			defaultConfigurationIsVisible = 0;
			defaultConfigurationName = Release;
		};
/* End XCConfigurationList section */

/* Begin XCVersionGroup section */
		1B1710E41F897C3F0045F064 /* WeatherMe.xcdatamodeld */ = {
			isa = XCVersionGroup;
			children = (
				1B1710E51F897C3F0045F064 /* WeatherMe.xcdatamodel */,
			);
			currentVersion = 1B1710E51F897C3F0045F064 /* WeatherMe.xcdatamodel */;
			path = WeatherMe.xcdatamodeld;
			sourceTree = "<group>";
			versionGroupType = wrapper.xcdatamodel;
		};
/* End XCVersionGroup section */
	};
	rootObject = 1B1710D21F897C3F0045F064 /* Project object */;
}
